// !$*UTF8*$!
{
	archiveVersion = 1;
	classes = {
	};
	objectVersion = 46;
	objects = {

/* Begin PBXBuildFile section */
		B7FAE22D1DF4517E000D2C7B /* main.m in Sources */ = {isa = PBXBuildFile; fileRef = B7FAE22C1DF4517E000D2C7B /* main.m */; };
		B7FAE2301DF4517E000D2C7B /* AppDelegate.m in Sources */ = {isa = PBXBuildFile; fileRef = B7FAE22F1DF4517E000D2C7B /* AppDelegate.m */; };
		B7FAE2331DF4517E000D2C7B /* ViewController.m in Sources */ = {isa = PBXBuildFile; fileRef = B7FAE2321DF4517E000D2C7B /* ViewController.m */; };
		B7FAE2361DF4517E000D2C7B /* Main.storyboard in Resources */ = {isa = PBXBuildFile; fileRef = B7FAE2341DF4517E000D2C7B /* Main.storyboard */; };
		B7FAE2381DF4517E000D2C7B /* Assets.xcassets in Resources */ = {isa = PBXBuildFile; fileRef = B7FAE2371DF4517E000D2C7B /* Assets.xcassets */; };
		B7FAE23B1DF4517E000D2C7B /* LaunchScreen.storyboard in Resources */ = {isa = PBXBuildFile; fileRef = B7FAE2391DF4517E000D2C7B /* LaunchScreen.storyboard */; };
		B7FAE2461DF4517E000D2C7B /* alertTestTests.m in Sources */ = {isa = PBXBuildFile; fileRef = B7FAE2451DF4517E000D2C7B /* alertTestTests.m */; };
		B7FAE2511DF4517E000D2C7B /* alertTestUITests.m in Sources */ = {isa = PBXBuildFile; fileRef = B7FAE2501DF4517E000D2C7B /* alertTestUITests.m */; };
/* End PBXBuildFile section */

/* Begin PBXContainerItemProxy section */
		B7FAE2421DF4517E000D2C7B /* PBXContainerItemProxy */ = {
			isa = PBXContainerItemProxy;
			containerPortal = B7FAE2201DF4517E000D2C7B /* Project object */;
			proxyType = 1;
			remoteGlobalIDString = B7FAE2271DF4517E000D2C7B;
			remoteInfo = alertTest;
		};
		B7FAE24D1DF4517E000D2C7B /* PBXContainerItemProxy */ = {
			isa = PBXContainerItemProxy;
			containerPortal = B7FAE2201DF4517E000D2C7B /* Project object */;
			proxyType = 1;
			remoteGlobalIDString = B7FAE2271DF4517E000D2C7B;
			remoteInfo = alertTest;
		};
/* End PBXContainerItemProxy section */

/* Begin PBXFileReference section */
		B7FAE2281DF4517E000D2C7B /* alertTest.app */ = {isa = PBXFileReference; explicitFileType = wrapper.application; includeInIndex = 0; path = alertTest.app; sourceTree = BUILT_PRODUCTS_DIR; };
		B7FAE22C1DF4517E000D2C7B /* main.m */ = {isa = PBXFileReference; lastKnownFileType = sourcecode.c.objc; path = main.m; sourceTree = "<group>"; };
		B7FAE22E1DF4517E000D2C7B /* AppDelegate.h */ = {isa = PBXFileReference; lastKnownFileType = sourcecode.c.h; path = AppDelegate.h; sourceTree = "<group>"; };
		B7FAE22F1DF4517E000D2C7B /* AppDelegate.m */ = {isa = PBXFileReference; lastKnownFileType = sourcecode.c.objc; path = AppDelegate.m; sourceTree = "<group>"; };
		B7FAE2311DF4517E000D2C7B /* ViewController.h */ = {isa = PBXFileReference; lastKnownFileType = sourcecode.c.h; path = ViewController.h; sourceTree = "<group>"; };
		B7FAE2321DF4517E000D2C7B /* ViewController.m */ = {isa = PBXFileReference; lastKnownFileType = sourcecode.c.objc; path = ViewController.m; sourceTree = "<group>"; };
		B7FAE2351DF4517E000D2C7B /* Base */ = {isa = PBXFileReference; lastKnownFileType = file.storyboard; name = Base; path = Base.lproj/Main.storyboard; sourceTree = "<group>"; };
		B7FAE2371DF4517E000D2C7B /* Assets.xcassets */ = {isa = PBXFileReference; lastKnownFileType = folder.assetcatalog; path = Assets.xcassets; sourceTree = "<group>"; };
		B7FAE23A1DF4517E000D2C7B /* Base */ = {isa = PBXFileReference; lastKnownFileType = file.storyboard; name = Base; path = Base.lproj/LaunchScreen.storyboard; sourceTree = "<group>"; };
		B7FAE23C1DF4517E000D2C7B /* Info.plist */ = {isa = PBXFileReference; lastKnownFileType = text.plist.xml; path = Info.plist; sourceTree = "<group>"; };
		B7FAE2411DF4517E000D2C7B /* alertTestTests.xctest */ = {isa = PBXFileReference; explicitFileType = wrapper.cfbundle; includeInIndex = 0; path = alertTestTests.xctest; sourceTree = BUILT_PRODUCTS_DIR; };
		B7FAE2451DF4517E000D2C7B /* alertTestTests.m */ = {isa = PBXFileReference; lastKnownFileType = sourcecode.c.objc; path = alertTestTests.m; sourceTree = "<group>"; };
		B7FAE2471DF4517E000D2C7B /* Info.plist */ = {isa = PBXFileReference; lastKnownFileType = text.plist.xml; path = Info.plist; sourceTree = "<group>"; };
		B7FAE24C1DF4517E000D2C7B /* alertTestUITests.xctest */ = {isa = PBXFileReference; explicitFileType = wrapper.cfbundle; includeInIndex = 0; path = alertTestUITests.xctest; sourceTree = BUILT_PRODUCTS_DIR; };
		B7FAE2501DF4517E000D2C7B /* alertTestUITests.m */ = {isa = PBXFileReference; lastKnownFileType = sourcecode.c.objc; path = alertTestUITests.m; sourceTree = "<group>"; };
		B7FAE2521DF4517E000D2C7B /* Info.plist */ = {isa = PBXFileReference; lastKnownFileType = text.plist.xml; path = Info.plist; sourceTree = "<group>"; };
/* End PBXFileReference section */

/* Begin PBXFrameworksBuildPhase section */
		B7FAE2251DF4517E000D2C7B /* Frameworks */ = {
			isa = PBXFrameworksBuildPhase;
			buildActionMask = 2147483647;
			files = (
			);
			runOnlyForDeploymentPostprocessing = 0;
		};
		B7FAE23E1DF4517E000D2C7B /* Frameworks */ = {
			isa = PBXFrameworksBuildPhase;
			buildActionMask = 2147483647;
			files = (
			);
			runOnlyForDeploymentPostprocessing = 0;
		};
		B7FAE2491DF4517E000D2C7B /* Frameworks */ = {
			isa = PBXFrameworksBuildPhase;
			buildActionMask = 2147483647;
			files = (
			);
			runOnlyForDeploymentPostprocessing = 0;
		};
/* End PBXFrameworksBuildPhase section */

/* Begin PBXGroup section */
		B7FAE21F1DF4517E000D2C7B = {
			isa = PBXGroup;
			children = (
				B7FAE22A1DF4517E000D2C7B /* alertTest */,
				B7FAE2441DF4517E000D2C7B /* alertTestTests */,
				B7FAE24F1DF4517E000D2C7B /* alertTestUITests */,
				B7FAE2291DF4517E000D2C7B /* Products */,
			);
			sourceTree = "<group>";
		};
		B7FAE2291DF4517E000D2C7B /* Products */ = {
			isa = PBXGroup;
			children = (
				B7FAE2281DF4517E000D2C7B /* alertTest.app */,
				B7FAE2411DF4517E000D2C7B /* alertTestTests.xctest */,
				B7FAE24C1DF4517E000D2C7B /* alertTestUITests.xctest */,
			);
			name = Products;
			sourceTree = "<group>";
		};
		B7FAE22A1DF4517E000D2C7B /* alertTest */ = {
			isa = PBXGroup;
			children = (
				B7FAE22E1DF4517E000D2C7B /* AppDelegate.h */,
				B7FAE22F1DF4517E000D2C7B /* AppDelegate.m */,
				B7FAE2311DF4517E000D2C7B /* ViewController.h */,
				B7FAE2321DF4517E000D2C7B /* ViewController.m */,
				B7FAE2341DF4517E000D2C7B /* Main.storyboard */,
				B7FAE2371DF4517E000D2C7B /* Assets.xcassets */,
				B7FAE2391DF4517E000D2C7B /* LaunchScreen.storyboard */,
				B7FAE23C1DF4517E000D2C7B /* Info.plist */,
				B7FAE22B1DF4517E000D2C7B /* Supporting Files */,
			);
			path = alertTest;
			sourceTree = "<group>";
		};
		B7FAE22B1DF4517E000D2C7B /* Supporting Files */ = {
			isa = PBXGroup;
			children = (
				B7FAE22C1DF4517E000D2C7B /* main.m */,
			);
			name = "Supporting Files";
			sourceTree = "<group>";
		};
		B7FAE2441DF4517E000D2C7B /* alertTestTests */ = {
			isa = PBXGroup;
			children = (
				B7FAE2451DF4517E000D2C7B /* alertTestTests.m */,
				B7FAE2471DF4517E000D2C7B /* Info.plist */,
			);
			path = alertTestTests;
			sourceTree = "<group>";
		};
		B7FAE24F1DF4517E000D2C7B /* alertTestUITests */ = {
			isa = PBXGroup;
			children = (
				B7FAE2501DF4517E000D2C7B /* alertTestUITests.m */,
				B7FAE2521DF4517E000D2C7B /* Info.plist */,
			);
			path = alertTestUITests;
			sourceTree = "<group>";
		};
/* End PBXGroup section */

/* Begin PBXNativeTarget section */
		B7FAE2271DF4517E000D2C7B /* alertTest */ = {
			isa = PBXNativeTarget;
			buildConfigurationList = B7FAE2551DF4517E000D2C7B /* Build configuration list for PBXNativeTarget "alertTest" */;
			buildPhases = (
				B7FAE2241DF4517E000D2C7B /* Sources */,
				B7FAE2251DF4517E000D2C7B /* Frameworks */,
				B7FAE2261DF4517E000D2C7B /* Resources */,
			);
			buildRules = (
			);
			dependencies = (
			);
			name = alertTest;
			productName = alertTest;
			productReference = B7FAE2281DF4517E000D2C7B /* alertTest.app */;
			productType = "com.apple.product-type.application";
		};
		B7FAE2401DF4517E000D2C7B /* alertTestTests */ = {
			isa = PBXNativeTarget;
			buildConfigurationList = B7FAE2581DF4517E000D2C7B /* Build configuration list for PBXNativeTarget "alertTestTests" */;
			buildPhases = (
				B7FAE23D1DF4517E000D2C7B /* Sources */,
				B7FAE23E1DF4517E000D2C7B /* Frameworks */,
				B7FAE23F1DF4517E000D2C7B /* Resources */,
			);
			buildRules = (
			);
			dependencies = (
				B7FAE2431DF4517E000D2C7B /* PBXTargetDependency */,
			);
			name = alertTestTests;
			productName = alertTestTests;
			productReference = B7FAE2411DF4517E000D2C7B /* alertTestTests.xctest */;
			productType = "com.apple.product-type.bundle.unit-test";
		};
		B7FAE24B1DF4517E000D2C7B /* alertTestUITests */ = {
			isa = PBXNativeTarget;
			buildConfigurationList = B7FAE25B1DF4517E000D2C7B /* Build configuration list for PBXNativeTarget "alertTestUITests" */;
			buildPhases = (
				B7FAE2481DF4517E000D2C7B /* Sources */,
				B7FAE2491DF4517E000D2C7B /* Frameworks */,
				B7FAE24A1DF4517E000D2C7B /* Resources */,
			);
			buildRules = (
			);
			dependencies = (
				B7FAE24E1DF4517E000D2C7B /* PBXTargetDependency */,
			);
			name = alertTestUITests;
			productName = alertTestUITests;
			productReference = B7FAE24C1DF4517E000D2C7B /* alertTestUITests.xctest */;
			productType = "com.apple.product-type.bundle.ui-testing";
		};
/* End PBXNativeTarget section */

/* Begin PBXProject section */
		B7FAE2201DF4517E000D2C7B /* Project object */ = {
			isa = PBXProject;
			attributes = {
				LastUpgradeCheck = 0810;
				ORGANIZATIONNAME = "李震";
				TargetAttributes = {
					B7FAE2271DF4517E000D2C7B = {
						CreatedOnToolsVersion = 8.1;
						ProvisioningStyle = Automatic;
					};
					B7FAE2401DF4517E000D2C7B = {
						CreatedOnToolsVersion = 8.1;
						ProvisioningStyle = Automatic;
						TestTargetID = B7FAE2271DF4517E000D2C7B;
					};
					B7FAE24B1DF4517E000D2C7B = {
						CreatedOnToolsVersion = 8.1;
						ProvisioningStyle = Automatic;
						TestTargetID = B7FAE2271DF4517E000D2C7B;
					};
				};
			};
			buildConfigurationList = B7FAE2231DF4517E000D2C7B /* Build configuration list for PBXProject "alertTest" */;
			compatibilityVersion = "Xcode 3.2";
			developmentRegion = English;
			hasScannedForEncodings = 0;
			knownRegions = (
				en,
				Base,
			);
			mainGroup = B7FAE21F1DF4517E000D2C7B;
			productRefGroup = B7FAE2291DF4517E000D2C7B /* Products */;
			projectDirPath = "";
			projectRoot = "";
			targets = (
				B7FAE2271DF4517E000D2C7B /* alertTest */,
				B7FAE2401DF4517E000D2C7B /* alertTestTests */,
				B7FAE24B1DF4517E000D2C7B /* alertTestUITests */,
			);
		};
/* End PBXProject section */

/* Begin PBXResourcesBuildPhase section */
		B7FAE2261DF4517E000D2C7B /* Resources */ = {
			isa = PBXResourcesBuildPhase;
			buildActionMask = 2147483647;
			files = (
				B7FAE23B1DF4517E000D2C7B /* LaunchScreen.storyboard in Resources */,
				B7FAE2381DF4517E000D2C7B /* Assets.xcassets in Resources */,
				B7FAE2361DF4517E000D2C7B /* Main.storyboard in Resources */,
			);
			runOnlyForDeploymentPostprocessing = 0;
		};
		B7FAE23F1DF4517E000D2C7B /* Resources */ = {
			isa = PBXResourcesBuildPhase;
			buildActionMask = 2147483647;
			files = (
			);
			runOnlyForDeploymentPostprocessing = 0;
		};
		B7FAE24A1DF4517E000D2C7B /* Resources */ = {
			isa = PBXResourcesBuildPhase;
			buildActionMask = 2147483647;
			files = (
			);
			runOnlyForDeploymentPostprocessing = 0;
		};
/* End PBXResourcesBuildPhase section */

/* Begin PBXSourcesBuildPhase section */
		B7FAE2241DF4517E000D2C7B /* Sources */ = {
			isa = PBXSourcesBuildPhase;
			buildActionMask = 2147483647;
			files = (
				B7FAE2331DF4517E000D2C7B /* ViewController.m in Sources */,
				B7FAE2301DF4517E000D2C7B /* AppDelegate.m in Sources */,
				B7FAE22D1DF4517E000D2C7B /* main.m in Sources */,
			);
			runOnlyForDeploymentPostprocessing = 0;
		};
		B7FAE23D1DF4517E000D2C7B /* Sources */ = {
			isa = PBXSourcesBuildPhase;
			buildActionMask = 2147483647;
			files = (
				B7FAE2461DF4517E000D2C7B /* alertTestTests.m in Sources */,
			);
			runOnlyForDeploymentPostprocessing = 0;
		};
		B7FAE2481DF4517E000D2C7B /* Sources */ = {
			isa = PBXSourcesBuildPhase;
			buildActionMask = 2147483647;
			files = (
				B7FAE2511DF4517E000D2C7B /* alertTestUITests.m in Sources */,
			);
			runOnlyForDeploymentPostprocessing = 0;
		};
/* End PBXSourcesBuildPhase section */

/* Begin PBXTargetDependency section */
		B7FAE2431DF4517E000D2C7B /* PBXTargetDependency */ = {
			isa = PBXTargetDependency;
			target = B7FAE2271DF4517E000D2C7B /* alertTest */;
			targetProxy = B7FAE2421DF4517E000D2C7B /* PBXContainerItemProxy */;
		};
		B7FAE24E1DF4517E000D2C7B /* PBXTargetDependency */ = {
			isa = PBXTargetDependency;
			target = B7FAE2271DF4517E000D2C7B /* alertTest */;
			targetProxy = B7FAE24D1DF4517E000D2C7B /* PBXContainerItemProxy */;
		};
/* End PBXTargetDependency section */

/* Begin PBXVariantGroup section */
		B7FAE2341DF4517E000D2C7B /* Main.storyboard */ = {
			isa = PBXVariantGroup;
			children = (
				B7FAE2351DF4517E000D2C7B /* Base */,
			);
			name = Main.storyboard;
			sourceTree = "<group>";
		};
		B7FAE2391DF4517E000D2C7B /* LaunchScreen.storyboard */ = {
			isa = PBXVariantGroup;
			children = (
				B7FAE23A1DF4517E000D2C7B /* Base */,
			);
			name = LaunchScreen.storyboard;
			sourceTree = "<group>";
		};
/* End PBXVariantGroup section */

/* Begin XCBuildConfiguration section */
		B7FAE2531DF4517E000D2C7B /* Debug */ = {
			isa = XCBuildConfiguration;
			buildSettings = {
				ALWAYS_SEARCH_USER_PATHS = NO;
				CLANG_ANALYZER_NONNULL = YES;
				CLANG_CXX_LANGUAGE_STANDARD = "gnu++0x";
				CLANG_CXX_LIBRARY = "libc++";
				CLANG_ENABLE_MODULES = YES;
				CLANG_ENABLE_OBJC_ARC = YES;
				CLANG_WARN_BOOL_CONVERSION = YES;
				CLANG_WARN_CONSTANT_CONVERSION = YES;
				CLANG_WARN_DIRECT_OBJC_ISA_USAGE = YES_ERROR;
				CLANG_WARN_DOCUMENTATION_COMMENTS = YES;
				CLANG_WARN_EMPTY_BODY = YES;
				CLANG_WARN_ENUM_CONVERSION = YES;
				CLANG_WARN_INFINITE_RECURSION = YES;
				CLANG_WARN_INT_CONVERSION = YES;
				CLANG_WARN_OBJC_ROOT_CLASS = YES_ERROR;
				CLANG_WARN_SUSPICIOUS_MOVES = YES;
				CLANG_WARN_UNREACHABLE_CODE = YES;
				CLANG_WARN__DUPLICATE_METHOD_MATCH = YES;
				"CODE_SIGN_IDENTITY[sdk=iphoneos*]" = "iPhone Developer";
				COPY_PHASE_STRIP = NO;
				DEBUG_INFORMATION_FORMAT = dwarf;
				ENABLE_STRICT_OBJC_MSGSEND = YES;
				ENABLE_TESTABILITY = YES;
				GCC_C_LANGUAGE_STANDARD = gnu99;
				GCC_DYNAMIC_NO_PIC = NO;
				GCC_NO_COMMON_BLOCKS = YES;
				GCC_OPTIMIZATION_LEVEL = 0;
				GCC_PREPROCESSOR_DEFINITIONS = (
					"DEBUG=1",
					"$(inherited)",
				);
				GCC_WARN_64_TO_32_BIT_CONVERSION = YES;
				GCC_WARN_ABOUT_RETURN_TYPE = YES_ERROR;
				GCC_WARN_UNDECLARED_SELECTOR = YES;
				GCC_WARN_UNINITIALIZED_AUTOS = YES_AGGRESSIVE;
				GCC_WARN_UNUSED_FUNCTION = YES;
				GCC_WARN_UNUSED_VARIABLE = YES;
				IPHONEOS_DEPLOYMENT_TARGET = 10.1;
				MTL_ENABLE_DEBUG_INFO = YES;
				ONLY_ACTIVE_ARCH = YES;
				SDKROOT = iphoneos;
				TARGETED_DEVICE_FAMILY = "1,2";
			};
			name = Debug;
		};
		B7FAE2541DF4517E000D2C7B /* Release */ = {
			isa = XCBuildConfiguration;
			buildSettings = {
				ALWAYS_SEARCH_USER_PATHS = NO;
				CLANG_ANALYZER_NONNULL = YES;
				CLANG_CXX_LANGUAGE_STANDARD = "gnu++0x";
				CLANG_CXX_LIBRARY = "libc++";
				CLANG_ENABLE_MODULES = YES;
				CLANG_ENABLE_OBJC_ARC = YES;
				CLANG_WARN_BOOL_CONVERSION = YES;
				CLANG_WARN_CONSTANT_CONVERSION = YES;
				CLANG_WARN_DIRECT_OBJC_ISA_USAGE = YES_ERROR;
				CLANG_WARN_DOCUMENTATION_COMMENTS = YES;
				CLANG_WARN_EMPTY_BODY = YES;
				CLANG_WARN_ENUM_CONVERSION = YES;
				CLANG_WARN_INFINITE_RECURSION = YES;
				CLANG_WARN_INT_CONVERSION = YES;
				CLANG_WARN_OBJC_ROOT_CLASS = YES_ERROR;
				CLANG_WARN_SUSPICIOUS_MOVES = YES;
				CLANG_WARN_UNREACHABLE_CODE = YES;
				CLANG_WARN__DUPLICATE_METHOD_MATCH = YES;
				"CODE_SIGN_IDENTITY[sdk=iphoneos*]" = "iPhone Developer";
				COPY_PHASE_STRIP = NO;
				DEBUG_INFORMATION_FORMAT = "dwarf-with-dsym";
				ENABLE_NS_ASSERTIONS = NO;
				ENABLE_STRICT_OBJC_MSGSEND = YES;
				GCC_C_LANGUAGE_STANDARD = gnu99;
				GCC_NO_COMMON_BLOCKS = YES;
				GCC_WARN_64_TO_32_BIT_CONVERSION = YES;
				GCC_WARN_ABOUT_RETURN_TYPE = YES_ERROR;
				GCC_WARN_UNDECLARED_SELECTOR = YES;
				GCC_WARN_UNINITIALIZED_AUTOS = YES_AGGRESSIVE;
				GCC_WARN_UNUSED_FUNCTION = YES;
				GCC_WARN_UNUSED_VARIABLE = YES;
				IPHONEOS_DEPLOYMENT_TARGET = 10.1;
				MTL_ENABLE_DEBUG_INFO = NO;
				SDKROOT = iphoneos;
				TARGETED_DEVICE_FAMILY = "1,2";
				VALIDATE_PRODUCT = YES;
			};
			name = Release;
		};
		B7FAE2561DF4517E000D2C7B /* Debug */ = {
			isa = XCBuildConfiguration;
			buildSettings = {
				ASSETCATALOG_COMPILER_APPICON_NAME = AppIcon;
				INFOPLIST_FILE = alertTest/Info.plist;
				LD_RUNPATH_SEARCH_PATHS = "$(inherited) @executable_path/Frameworks";
				PRODUCT_BUNDLE_IDENTIFIER = cn.com.afcatstar.alphain.alertTest;
				PRODUCT_NAME = "$(TARGET_NAME)";
			};
			name = Debug;
		};
		B7FAE2571DF4517E000D2C7B /* Release */ = {
			isa = XCBuildConfiguration;
			buildSettings = {
				ASSETCATALOG_COMPILER_APPICON_NAME = AppIcon;
				INFOPLIST_FILE = alertTest/Info.plist;
				LD_RUNPATH_SEARCH_PATHS = "$(inherited) @executable_path/Frameworks";
				PRODUCT_BUNDLE_IDENTIFIER = cn.com.afcatstar.alphain.alertTest;
				PRODUCT_NAME = "$(TARGET_NAME)";
			};
			name = Release;
		};
		B7FAE2591DF4517E000D2C7B /* Debug */ = {
			isa = XCBuildConfiguration;
			buildSettings = {
				BUNDLE_LOADER = "$(TEST_HOST)";
				INFOPLIST_FILE = alertTestTests/Info.plist;
				LD_RUNPATH_SEARCH_PATHS = "$(inherited) @executable_path/Frameworks @loader_path/Frameworks";
				PRODUCT_BUNDLE_IDENTIFIER = cn.com.afcatstar.alphain.alertTestTests;
				PRODUCT_NAME = "$(TARGET_NAME)";
				TEST_HOST = "$(BUILT_PRODUCTS_DIR)/alertTest.app/alertTest";
			};
			name = Debug;
		};
		B7FAE25A1DF4517E000D2C7B /* Release */ = {
			isa = XCBuildConfiguration;
			buildSettings = {
				BUNDLE_LOADER = "$(TEST_HOST)";
				INFOPLIST_FILE = alertTestTests/Info.plist;
				LD_RUNPATH_SEARCH_PATHS = "$(inherited) @executable_path/Frameworks @loader_path/Frameworks";
				PRODUCT_BUNDLE_IDENTIFIER = cn.com.afcatstar.alphain.alertTestTests;
				PRODUCT_NAME = "$(TARGET_NAME)";
				TEST_HOST = "$(BUILT_PRODUCTS_DIR)/alertTest.app/alertTest";
			};
			name = Release;
		};
		B7FAE25C1DF4517E000D2C7B /* Debug */ = {
			isa = XCBuildConfiguration;
			buildSettings = {
				INFOPLIST_FILE = alertTestUITests/Info.plist;
				LD_RUNPATH_SEARCH_PATHS = "$(inherited) @executable_path/Frameworks @loader_path/Frameworks";
				PRODUCT_BUNDLE_IDENTIFIER = cn.com.afcatstar.alphain.alertTestUITests;
				PRODUCT_NAME = "$(TARGET_NAME)";
				TEST_TARGET_NAME = alertTest;
			};
			name = Debug;
		};
		B7FAE25D1DF4517E000D2C7B /* Release */ = {
			isa = XCBuildConfiguration;
			buildSettings = {
				INFOPLIST_FILE = alertTestUITests/Info.plist;
				LD_RUNPATH_SEARCH_PATHS = "$(inherited) @executable_path/Frameworks @loader_path/Frameworks";
				PRODUCT_BUNDLE_IDENTIFIER = cn.com.afcatstar.alphain.alertTestUITests;
				PRODUCT_NAME = "$(TARGET_NAME)";
				TEST_TARGET_NAME = alertTest;
			};
			name = Release;
		};
/* End XCBuildConfiguration section */

/* Begin XCConfigurationList section */
		B7FAE2231DF4517E000D2C7B /* Build configuration list for PBXProject "alertTest" */ = {
			isa = XCConfigurationList;
			buildConfigurations = (
				B7FAE2531DF4517E000D2C7B /* Debug */,
				B7FAE2541DF4517E000D2C7B /* Release */,
			);
			defaultConfigurationIsVisible = 0;
			defaultConfigurationName = Release;
		};
		B7FAE2551DF4517E000D2C7B /* Build configuration list for PBXNativeTarget "alertTest" */ = {
			isa = XCConfigurationList;
			buildConfigurations = (
				B7FAE2561DF4517E000D2C7B /* Debug */,
				B7FAE2571DF4517E000D2C7B /* Release */,
			);
			defaultConfigurationIsVisible = 0;
		};
		B7FAE2581DF4517E000D2C7B /* Build configuration list for PBXNativeTarget "alertTestTests" */ = {
			isa = XCConfigurationList;
			buildConfigurations = (
				B7FAE2591DF4517E000D2C7B /* Debug */,
				B7FAE25A1DF4517E000D2C7B /* Release */,
			);
			defaultConfigurationIsVisible = 0;
		};
		B7FAE25B1DF4517E000D2C7B /* Build configuration list for PBXNativeTarget "alertTestUITests" */ = {
			isa = XCConfigurationList;
			buildConfigurations = (
				B7FAE25C1DF4517E000D2C7B /* Debug */,
				B7FAE25D1DF4517E000D2C7B /* Release */,
			);
			defaultConfigurationIsVisible = 0;
		};
/* End XCConfigurationList section */
	};
	rootObject = B7FAE2201DF4517E000D2C7B /* Project object */;
}
